
Microsoft Visual Studio Solution File, Format Version 12.00
# Visual Studio 2017
Project("{FAE04EC0-301F-11D3-BF4B-00C04F79EFBC}") = "VRCAvatar_Quest", "VRCAvatar_Quest.csproj", "{B2492F4A-4B12-4B10-0151-B870711DCE2A}"
EndProject
Project("{FAE04EC0-301F-11D3-BF4B-00C04F79EFBC}") = "VRCAvatar_Quest.Editor", "VRCAvatar_Quest.Editor.csproj", "{9358011B-6F3B-8636-FF86-28BF610116C0}"
EndProject
Global
	GlobalSection(SolutionConfigurationPlatforms) = preSolution
		Debug|Any CPU = Debug|Any CPU
		Release|Any CPU = Release|Any CPU
	EndGlobalSection
	GlobalSection(ProjectConfigurationPlatforms) = postSolution
		{B2492F4A-4B12-4B10-0151-B870711DCE2A}.Debug|Any CPU.ActiveCfg = Debug|Any CPU
		{B2492F4A-4B12-4B10-0151-B870711DCE2A}.Debug|Any CPU.Build.0 = Debug|Any CPU
		{B2492F4A-4B12-4B10-0151-B870711DCE2A}.Release|Any CPU.ActiveCfg = Release|Any CPU
		{B2492F4A-4B12-4B10-0151-B870711DCE2A}.Release|Any CPU.Build.0 = Release|Any CPU
		{9358011B-6F3B-8636-FF86-28BF610116C0}.Debug|Any CPU.ActiveCfg = Debug|Any CPU
		{9358011B-6F3B-8636-FF86-28BF610116C0}.Debug|Any CPU.Build.0 = Debug|Any CPU
		{9358011B-6F3B-8636-FF86-28BF610116C0}.Release|Any CPU.ActiveCfg = Release|Any CPU
		{9358011B-6F3B-8636-FF86-28BF610116C0}.Release|Any CPU.Build.0 = Release|Any CPU
	EndGlobalSection
	GlobalSection(SolutionProperties) = preSolution
		HideSolutionNode = FALSE
	EndGlobalSection
EndGlobal
